
Microsoft Visual Studio Solution File, Format Version 12.00
# Visual Studio Version 16
VisualStudioVersion = 16.0.29215.179
MinimumVisualStudioVersion = 10.0.40219.1
Project("{FAE04EC0-301F-11D3-BF4B-00C04F79EFBC}") = "ssi_system_ver_i", "ssi_system_ver_i\ssi_system_ver_i.csproj", "{0A0EBD2B-87FC-4417-9025-7963B88C002F}"
EndProject
Global
	GlobalSection(SolutionConfigurationPlatforms) = preSolution
		Debug|Any CPU = Debug|Any CPU
		Release|Any CPU = Release|Any CPU
	EndGlobalSection
	GlobalSection(ProjectConfigurationPlatforms) = postSolution
		{0A0EBD2B-87FC-4417-9025-7963B88C002F}.Debug|Any CPU.ActiveCfg = Debug|Any CPU
		{0A0EBD2B-87FC-4417-9025-7963B88C002F}.Debug|Any CPU.Build.0 = Debug|Any CPU
		{0A0EBD2B-87FC-4417-9025-7963B88C002F}.Release|Any CPU.ActiveCfg = Release|Any CPU
		{0A0EBD2B-87FC-4417-9025-7963B88C002F}.Release|Any CPU.Build.0 = Release|Any CPU
	EndGlobalSection
	GlobalSection(SolutionProperties) = preSolution
		HideSolutionNode = FALSE
	EndGlobalSection
	GlobalSection(ExtensibilityGlobals) = postSolution
		SolutionGuid = {892213BD-2084-454C-9B55-0CF0C06F709C}
	EndGlobalSection
EndGlobal
